{
  "requires": true,
  "lockfileVersion": 1,
  "dependencies": {
    "tags-editor": {
      "version": "1.1.1",
      "resolved": "https://registry.npmjs.org/tags-editor/-/tags-editor-1.1.1.tgz",
      "integrity": "sha512-gz+fZl4MmEo4FcPwLY8ytt+4uTW9LDr4t8wfUAGBLZ90WeemmySdjt9mQ4mwVWwWvjNdPvB1SR2OmnH2Q5b5KA=="
    }
  }
}
